hash: b6410fe202584f2e8270c0a359a36724b9cca5d8a31f4e59a740cff0650ca6c4
updated: 2019-07-10T04:34:37.448597856-04:00
imports:
- name: github.com/containernetworking/cni
  version: 4cfb7b568922a3c79a23e438dc52fe537fc9687e
  subpackages:
  - pkg/types
- name: github.com/golang/glog
  version: 23def4e6c14b4da8ac2ed8007337bc5eb5007998
testImports: []
